
Microsoft Visual Studio Solution File, Format Version 12.00
# Visual Studio Version 16
VisualStudioVersion = 16.0.31402.337
MinimumVisualStudioVersion = 10.0.40219.1
Project("{9A19103F-16F7-4668-BE54-9A1E7A4F7556}") = "Win10BloatRemover", "src\Win10BloatRemover.csproj", "{759F045D-ADBF-4867-A0F7-F2D066E0C390}"
EndProject
Global
	GlobalSection(SolutionConfigurationPlatforms) = preSolution
		Debug|Any CPU = Debug|Any CPU
		Release|Any CPU = Release|Any CPU
	EndGlobalSection
	GlobalSection(ProjectConfigurationPlatforms) = postSolution
		{759F045D-ADBF-4867-A0F7-F2D066E0C390}.Debug|Any CPU.ActiveCfg = Debug|Any CPU
		{759F045D-ADBF-4867-A0F7-F2D066E0C390}.Debug|Any CPU.Build.0 = Debug|Any CPU
		{759F045D-ADBF-4867-A0F7-F2D066E0C390}.Release|Any CPU.ActiveCfg = Release|Any CPU
		{759F045D-ADBF-4867-A0F7-F2D066E0C390}.Release|Any CPU.Build.0 = Release|Any CPU
	EndGlobalSection
	GlobalSection(SolutionProperties) = preSolution
		HideSolutionNode = FALSE
	EndGlobalSection
	GlobalSection(ExtensibilityGlobals) = postSolution
		SolutionGuid = {F45527E4-D7F5-429F-AF1F-F8A5DCCC1E50}
	EndGlobalSection
EndGlobal
